
Microsoft Visual Studio Solution File, Format Version 12.00
# Visual Studio Version 16
VisualStudioVersion = 16.0.31025.194
MinimumVisualStudioVersion = 10.0.40219.1
Project("{FAE04EC0-301F-11D3-BF4B-00C04F79EFBC}") = "Work1", "basics\Work1.csproj", "{F75E666A-737C-42E0-92F7-885E09F35678}"
EndProject
Project("{FAE04EC0-301F-11D3-BF4B-00C04F79EFBC}") = "Work1_library", "basic_function_library\Work1_library.csproj", "{07E4DDED-B5E9-47D9-BE20-7BF098E611B3}"
EndProject
Project("{FAE04EC0-301F-11D3-BF4B-00C04F79EFBC}") = "form_basics", "form_basics\form_basics.csproj", "{934E6BE9-44D8-4A27-BA6E-B96FEA563A96}"
EndProject
Project("{FAE04EC0-301F-11D3-BF4B-00C04F79EFBC}") = "oopBasics", "oopBasics\oopBasics.csproj", "{37B321BD-D568-47AC-9605-6881952C2B33}"
EndProject
Project("{FAE04EC0-301F-11D3-BF4B-00C04F79EFBC}") = "Presentation1", "Presentation1\Presentation1.csproj", "{AA025C30-AB29-4FDC-903B-1FDD6C4C123F}"
EndProject
Project("{FAE04EC0-301F-11D3-BF4B-00C04F79EFBC}") = "Work2", "Work2\Work2.csproj", "{7C8A8B63-9C0D-4FC2-AE46-B5C80E389F7B}"
EndProject
Project("{FAE04EC0-301F-11D3-BF4B-00C04F79EFBC}") = "Work3", "Work3\Work3.csproj", "{2F59AC40-6D05-427A-924C-3FD3518B9D94}"
EndProject
Project("{FAE04EC0-301F-11D3-BF4B-00C04F79EFBC}") = "Work4", "Work4\Work4.csproj", "{0230DC45-020F-4880-829A-6B1F7D97DC5C}"
EndProject
Project("{FAE04EC0-301F-11D3-BF4B-00C04F79EFBC}") = "MidTermExer", "MidTermExer\MidTermExer.csproj", "{2BF11F95-8137-444C-810D-78165FEE3800}"
EndProject
Project("{FAE04EC0-301F-11D3-BF4B-00C04F79EFBC}") = "Work5", "Work5\Work5.csproj", "{ECA1C39B-C836-4055-A0DE-87C6720C645C}"
EndProject
Project("{FAE04EC0-301F-11D3-BF4B-00C04F79EFBC}") = "Lecture10", "Lecture10\Lecture10.csproj", "{A84AB6B5-088C-4666-867A-18C057E04041}"
EndProject
Project("{FAE04EC0-301F-11D3-BF4B-00C04F79EFBC}") = "LinqToXml", "LinqToXml\LinqToXml.csproj", "{D2F05E77-A789-4AD2-ABC9-E818A94A730D}"
EndProject
Project("{FAE04EC0-301F-11D3-BF4B-00C04F79EFBC}") = "TestXML", "TestXML\TestXML.csproj", "{F1857E6C-38CE-4B90-BFA4-A9FCFD9D03BC}"
EndProject
Global
	GlobalSection(SolutionConfigurationPlatforms) = preSolution
		Debug|Any CPU = Debug|Any CPU
		Release|Any CPU = Release|Any CPU
	EndGlobalSection
	GlobalSection(ProjectConfigurationPlatforms) = postSolution
		{F75E666A-737C-42E0-92F7-885E09F35678}.Debug|Any CPU.ActiveCfg = Debug|Any CPU
		{F75E666A-737C-42E0-92F7-885E09F35678}.Debug|Any CPU.Build.0 = Debug|Any CPU
		{F75E666A-737C-42E0-92F7-885E09F35678}.Release|Any CPU.ActiveCfg = Release|Any CPU
		{F75E666A-737C-42E0-92F7-885E09F35678}.Release|Any CPU.Build.0 = Release|Any CPU
		{07E4DDED-B5E9-47D9-BE20-7BF098E611B3}.Debug|Any CPU.ActiveCfg = Debug|Any CPU
		{07E4DDED-B5E9-47D9-BE20-7BF098E611B3}.Debug|Any CPU.Build.0 = Debug|Any CPU
		{07E4DDED-B5E9-47D9-BE20-7BF098E611B3}.Release|Any CPU.ActiveCfg = Release|Any CPU
		{07E4DDED-B5E9-47D9-BE20-7BF098E611B3}.Release|Any CPU.Build.0 = Release|Any CPU
		{934E6BE9-44D8-4A27-BA6E-B96FEA563A96}.Debug|Any CPU.ActiveCfg = Debug|Any CPU
		{934E6BE9-44D8-4A27-BA6E-B96FEA563A96}.Debug|Any CPU.Build.0 = Debug|Any CPU
		{934E6BE9-44D8-4A27-BA6E-B96FEA563A96}.Release|Any CPU.ActiveCfg = Release|Any CPU
		{934E6BE9-44D8-4A27-BA6E-B96FEA563A96}.Release|Any CPU.Build.0 = Release|Any CPU
		{37B321BD-D568-47AC-9605-6881952C2B33}.Debug|Any CPU.ActiveCfg = Debug|Any CPU
		{37B321BD-D568-47AC-9605-6881952C2B33}.Debug|Any CPU.Build.0 = Debug|Any CPU
		{37B321BD-D568-47AC-9605-6881952C2B33}.Release|Any CPU.ActiveCfg = Release|Any CPU
		{37B321BD-D568-47AC-9605-6881952C2B33}.Release|Any CPU.Build.0 = Release|Any CPU
		{AA025C30-AB29-4FDC-903B-1FDD6C4C123F}.Debug|Any CPU.ActiveCfg = Debug|Any CPU
		{AA025C30-AB29-4FDC-903B-1FDD6C4C123F}.Debug|Any CPU.Build.0 = Debug|Any CPU
		{AA025C30-AB29-4FDC-903B-1FDD6C4C123F}.Release|Any CPU.ActiveCfg = Release|Any CPU
		{AA025C30-AB29-4FDC-903B-1FDD6C4C123F}.Release|Any CPU.Build.0 = Release|Any CPU
		{7C8A8B63-9C0D-4FC2-AE46-B5C80E389F7B}.Debug|Any CPU.ActiveCfg = Debug|Any CPU
		{7C8A8B63-9C0D-4FC2-AE46-B5C80E389F7B}.Debug|Any CPU.Build.0 = Debug|Any CPU
		{7C8A8B63-9C0D-4FC2-AE46-B5C80E389F7B}.Release|Any CPU.ActiveCfg = Release|Any CPU
		{7C8A8B63-9C0D-4FC2-AE46-B5C80E389F7B}.Release|Any CPU.Build.0 = Release|Any CPU
		{2F59AC40-6D05-427A-924C-3FD3518B9D94}.Debug|Any CPU.ActiveCfg = Debug|Any CPU
		{2F59AC40-6D05-427A-924C-3FD3518B9D94}.Debug|Any CPU.Build.0 = Debug|Any CPU
		{2F59AC40-6D05-427A-924C-3FD3518B9D94}.Release|Any CPU.ActiveCfg = Release|Any CPU
		{2F59AC40-6D05-427A-924C-3FD3518B9D94}.Release|Any CPU.Build.0 = Release|Any CPU
		{0230DC45-020F-4880-829A-6B1F7D97DC5C}.Debug|Any CPU.ActiveCfg = Debug|Any CPU
		{0230DC45-020F-4880-829A-6B1F7D97DC5C}.Debug|Any CPU.Build.0 = Debug|Any CPU
		{0230DC45-020F-4880-829A-6B1F7D97DC5C}.Release|Any CPU.ActiveCfg = Release|Any CPU
		{0230DC45-020F-4880-829A-6B1F7D97DC5C}.Release|Any CPU.Build.0 = Release|Any CPU
		{2BF11F95-8137-444C-810D-78165FEE3800}.Debug|Any CPU.ActiveCfg = Debug|Any CPU
		{2BF11F95-8137-444C-810D-78165FEE3800}.Debug|Any CPU.Build.0 = Debug|Any CPU
		{2BF11F95-8137-444C-810D-78165FEE3800}.Release|Any CPU.ActiveCfg = Release|Any CPU
		{2BF11F95-8137-444C-810D-78165FEE3800}.Release|Any CPU.Build.0 = Release|Any CPU
		{ECA1C39B-C836-4055-A0DE-87C6720C645C}.Debug|Any CPU.ActiveCfg = Debug|Any CPU
		{ECA1C39B-C836-4055-A0DE-87C6720C645C}.Debug|Any CPU.Build.0 = Debug|Any CPU
		{ECA1C39B-C836-4055-A0DE-87C6720C645C}.Release|Any CPU.ActiveCfg = Release|Any CPU
		{ECA1C39B-C836-4055-A0DE-87C6720C645C}.Release|Any CPU.Build.0 = Release|Any CPU
		{A84AB6B5-088C-4666-867A-18C057E04041}.Debug|Any CPU.ActiveCfg = Debug|Any CPU
		{A84AB6B5-088C-4666-867A-18C057E04041}.Debug|Any CPU.Build.0 = Debug|Any CPU
		{A84AB6B5-088C-4666-867A-18C057E04041}.Release|Any CPU.ActiveCfg = Release|Any CPU
		{A84AB6B5-088C-4666-867A-18C057E04041}.Release|Any CPU.Build.0 = Release|Any CPU
		{D2F05E77-A789-4AD2-ABC9-E818A94A730D}.Debug|Any CPU.ActiveCfg = Debug|Any CPU
		{D2F05E77-A789-4AD2-ABC9-E818A94A730D}.Debug|Any CPU.Build.0 = Debug|Any CPU
		{D2F05E77-A789-4AD2-ABC9-E818A94A730D}.Release|Any CPU.ActiveCfg = Release|Any CPU
		{D2F05E77-A789-4AD2-ABC9-E818A94A730D}.Release|Any CPU.Build.0 = Release|Any CPU
		{F1857E6C-38CE-4B90-BFA4-A9FCFD9D03BC}.Debug|Any CPU.ActiveCfg = Debug|Any CPU
		{F1857E6C-38CE-4B90-BFA4-A9FCFD9D03BC}.Debug|Any CPU.Build.0 = Debug|Any CPU
		{F1857E6C-38CE-4B90-BFA4-A9FCFD9D03BC}.Release|Any CPU.ActiveCfg = Release|Any CPU
		{F1857E6C-38CE-4B90-BFA4-A9FCFD9D03BC}.Release|Any CPU.Build.0 = Release|Any CPU
	EndGlobalSection
	GlobalSection(SolutionProperties) = preSolution
		HideSolutionNode = FALSE
	EndGlobalSection
	GlobalSection(ExtensibilityGlobals) = postSolution
		SolutionGuid = {91FA6898-C0E8-4D0A-A93B-4C6E0B45A222}
	EndGlobalSection
EndGlobal
